
Microsoft Visual Studio Solution File, Format Version 12.00
# Visual Studio 15
VisualStudioVersion = 15.0.28010.2048
MinimumVisualStudioVersion = 10.0.40219.1
Project("{FAE04EC0-301F-11D3-BF4B-00C04F79EFBC}") = "BangazonWorkforce", "BangazonWorkforce\BangazonWorkforce.csproj", "{1D9D0DC1-B548-43F2-851E-CB02B76FE921}"
EndProject
Project("{FAE04EC0-301F-11D3-BF4B-00C04F79EFBC}") = "BangazonWorkforce.IntegrationTests", "BangazonWorkforce.IntegrationTests\BangazonWorkforce.IntegrationTests.csproj", "{9C656DD5-D9E8-4102-8B23-FA17EE06130B}"
EndProject
Global
	GlobalSection(SolutionConfigurationPlatforms) = preSolution
		Debug|Any CPU = Debug|Any CPU
		Release|Any CPU = Release|Any CPU
	EndGlobalSection
	GlobalSection(ProjectConfigurationPlatforms) = postSolution
		{1D9D0DC1-B548-43F2-851E-CB02B76FE921}.Debug|Any CPU.ActiveCfg = Debug|Any CPU
		{1D9D0DC1-B548-43F2-851E-CB02B76FE921}.Debug|Any CPU.Build.0 = Debug|Any CPU
		{1D9D0DC1-B548-43F2-851E-CB02B76FE921}.Release|Any CPU.ActiveCfg = Release|Any CPU
		{1D9D0DC1-B548-43F2-851E-CB02B76FE921}.Release|Any CPU.Build.0 = Release|Any CPU
		{9C656DD5-D9E8-4102-8B23-FA17EE06130B}.Debug|Any CPU.ActiveCfg = Debug|Any CPU
		{9C656DD5-D9E8-4102-8B23-FA17EE06130B}.Debug|Any CPU.Build.0 = Debug|Any CPU
		{9C656DD5-D9E8-4102-8B23-FA17EE06130B}.Release|Any CPU.ActiveCfg = Release|Any CPU
		{9C656DD5-D9E8-4102-8B23-FA17EE06130B}.Release|Any CPU.Build.0 = Release|Any CPU
	EndGlobalSection
	GlobalSection(SolutionProperties) = preSolution
		HideSolutionNode = FALSE
	EndGlobalSection
	GlobalSection(ExtensibilityGlobals) = postSolution
		SolutionGuid = {4F0CAE0A-70C7-4E26-A34A-9CF1C99868C4}
	EndGlobalSection
EndGlobal
